
Microsoft Visual Studio Solution File, Format Version 12.00
# Visual Studio Version 17
VisualStudioVersion = 17.9.34728.123
MinimumVisualStudioVersion = 10.0.40219.1
Project("{2150E333-8FDC-42A3-9474-1A3956D46DE8}") = "Services", "Services", "{86445C85-D252-4AAE-952F-3BC99EF79963}"
EndProject
Project("{2150E333-8FDC-42A3-9474-1A3956D46DE8}") = "Catalog", "Catalog", "{F8ACA972-6565-43B2-8E44-EEA74AB879ED}"
EndProject
Project("{9A19103F-16F7-4668-BE54-9A1E7A4F7556}") = "Catalog.API", "Services\Catalog\Catalog.API\Catalog.API.csproj", "{A5AA812E-2D8C-4763-9560-37D299CE0365}"
EndProject
Project("{9A19103F-16F7-4668-BE54-9A1E7A4F7556}") = "Catalog.Application", "Services\Catalog\Catalog.Application\Catalog.Application.csproj", "{5C87C9C9-511C-4C6C-9056-D69E0A590597}"
EndProject
Project("{9A19103F-16F7-4668-BE54-9A1E7A4F7556}") = "Catalog.Core", "Services\Catalog\Catalog.Core\Catalog.Core.csproj", "{4879BAE3-0B5C-4E06-BF2E-9B18147870AD}"
EndProject
Project("{9A19103F-16F7-4668-BE54-9A1E7A4F7556}") = "Catalog.Infrastructure", "Services\Catalog\Catalog.Infrastructure\Catalog.Infrastructure.csproj", "{EC8AC8DF-64D3-4AC4-9996-88F5C4EC4A89}"
EndProject
Project("{E53339B2-1760-4266-BCC7-CA923CBCF16C}") = "docker-compose", "docker-compose.dcproj", "{13085E35-D41D-42A2-B634-71A5DCE22C13}"
EndProject
Global
	GlobalSection(SolutionConfigurationPlatforms) = preSolution
		Debug|Any CPU = Debug|Any CPU
		Release|Any CPU = Release|Any CPU
	EndGlobalSection
	GlobalSection(ProjectConfigurationPlatforms) = postSolution
		{A5AA812E-2D8C-4763-9560-37D299CE0365}.Debug|Any CPU.ActiveCfg = Debug|Any CPU
		{A5AA812E-2D8C-4763-9560-37D299CE0365}.Debug|Any CPU.Build.0 = Debug|Any CPU
		{A5AA812E-2D8C-4763-9560-37D299CE0365}.Release|Any CPU.ActiveCfg = Release|Any CPU
		{A5AA812E-2D8C-4763-9560-37D299CE0365}.Release|Any CPU.Build.0 = Release|Any CPU
		{5C87C9C9-511C-4C6C-9056-D69E0A590597}.Debug|Any CPU.ActiveCfg = Debug|Any CPU
		{5C87C9C9-511C-4C6C-9056-D69E0A590597}.Debug|Any CPU.Build.0 = Debug|Any CPU
		{5C87C9C9-511C-4C6C-9056-D69E0A590597}.Release|Any CPU.ActiveCfg = Release|Any CPU
		{5C87C9C9-511C-4C6C-9056-D69E0A590597}.Release|Any CPU.Build.0 = Release|Any CPU
		{4879BAE3-0B5C-4E06-BF2E-9B18147870AD}.Debug|Any CPU.ActiveCfg = Debug|Any CPU
		{4879BAE3-0B5C-4E06-BF2E-9B18147870AD}.Debug|Any CPU.Build.0 = Debug|Any CPU
		{4879BAE3-0B5C-4E06-BF2E-9B18147870AD}.Release|Any CPU.ActiveCfg = Release|Any CPU
		{4879BAE3-0B5C-4E06-BF2E-9B18147870AD}.Release|Any CPU.Build.0 = Release|Any CPU
		{EC8AC8DF-64D3-4AC4-9996-88F5C4EC4A89}.Debug|Any CPU.ActiveCfg = Debug|Any CPU
		{EC8AC8DF-64D3-4AC4-9996-88F5C4EC4A89}.Debug|Any CPU.Build.0 = Debug|Any CPU
		{EC8AC8DF-64D3-4AC4-9996-88F5C4EC4A89}.Release|Any CPU.ActiveCfg = Release|Any CPU
		{EC8AC8DF-64D3-4AC4-9996-88F5C4EC4A89}.Release|Any CPU.Build.0 = Release|Any CPU
		{13085E35-D41D-42A2-B634-71A5DCE22C13}.Debug|Any CPU.ActiveCfg = Debug|Any CPU
		{13085E35-D41D-42A2-B634-71A5DCE22C13}.Debug|Any CPU.Build.0 = Debug|Any CPU
		{13085E35-D41D-42A2-B634-71A5DCE22C13}.Release|Any CPU.ActiveCfg = Release|Any CPU
		{13085E35-D41D-42A2-B634-71A5DCE22C13}.Release|Any CPU.Build.0 = Release|Any CPU
	EndGlobalSection
	GlobalSection(SolutionProperties) = preSolution
		HideSolutionNode = FALSE
	EndGlobalSection
	GlobalSection(NestedProjects) = preSolution
		{F8ACA972-6565-43B2-8E44-EEA74AB879ED} = {86445C85-D252-4AAE-952F-3BC99EF79963}
		{A5AA812E-2D8C-4763-9560-37D299CE0365} = {F8ACA972-6565-43B2-8E44-EEA74AB879ED}
		{5C87C9C9-511C-4C6C-9056-D69E0A590597} = {F8ACA972-6565-43B2-8E44-EEA74AB879ED}
		{4879BAE3-0B5C-4E06-BF2E-9B18147870AD} = {F8ACA972-6565-43B2-8E44-EEA74AB879ED}
		{EC8AC8DF-64D3-4AC4-9996-88F5C4EC4A89} = {F8ACA972-6565-43B2-8E44-EEA74AB879ED}
	EndGlobalSection
	GlobalSection(ExtensibilityGlobals) = postSolution
		SolutionGuid = {B0FB4A27-08F7-4F28-8926-4B0DF2B55178}
	EndGlobalSection
EndGlobal
