
Microsoft Visual Studio Solution File, Format Version 12.00
# Visual Studio Version 17
VisualStudioVersion = 17.9.34728.123
MinimumVisualStudioVersion = 10.0.40219.1
Project("{2150E333-8FDC-42A3-9474-1A3956D46DE8}") = "Services", "Services", "{86445C85-D252-4AAE-952F-3BC99EF79963}"
EndProject
Project("{2150E333-8FDC-42A3-9474-1A3956D46DE8}") = "Catalog", "Catalog", "{F8ACA972-6565-43B2-8E44-EEA74AB879ED}"
EndProject
Project("{9A19103F-16F7-4668-BE54-9A1E7A4F7556}") = "Catalog.API", "Services\Catalog\Catalog.API\Catalog.API.csproj", "{A5AA812E-2D8C-4763-9560-37D299CE0365}"
EndProject
Project("{9A19103F-16F7-4668-BE54-9A1E7A4F7556}") = "Catalog.Application", "Services\Catalog\Catalog.Application\Catalog.Application.csproj", "{5C87C9C9-511C-4C6C-9056-D69E0A590597}"
EndProject
Project("{9A19103F-16F7-4668-BE54-9A1E7A4F7556}") = "Catalog.Core", "Services\Catalog\Catalog.Core\Catalog.Core.csproj", "{4879BAE3-0B5C-4E06-BF2E-9B18147870AD}"
EndProject
Project("{9A19103F-16F7-4668-BE54-9A1E7A4F7556}") = "Catalog.Infrastructure", "Services\Catalog\Catalog.Infrastructure\Catalog.Infrastructure.csproj", "{EC8AC8DF-64D3-4AC4-9996-88F5C4EC4A89}"
EndProject
Project("{E53339B2-1760-4266-BCC7-CA923CBCF16C}") = "docker-compose", "docker-compose.dcproj", "{13085E35-D41D-42A2-B634-71A5DCE22C13}"
EndProject
Project("{2150E333-8FDC-42A3-9474-1A3956D46DE8}") = "Basket", "Basket", "{4AD19920-F36F-4556-B247-43CEE77484A7}"
EndProject
Project("{9A19103F-16F7-4668-BE54-9A1E7A4F7556}") = "Basket.API", "Services\Basket\Basket.API\Basket.API.csproj", "{198AB5BC-A3B2-471E-A31A-253EB7A17340}"
EndProject
Project("{9A19103F-16F7-4668-BE54-9A1E7A4F7556}") = "Basket.Core", "Services\Basket\Basket.Core\Basket.Core.csproj", "{616615F6-6295-4D7B-B360-7E84581E0CE7}"
EndProject
Project("{9A19103F-16F7-4668-BE54-9A1E7A4F7556}") = "Basket.Application", "Services\Basket\Basket.Application\Basket.Application.csproj", "{DAD069B1-500C-4249-B94F-21BC4CD6B0A2}"
EndProject
Project("{9A19103F-16F7-4668-BE54-9A1E7A4F7556}") = "Basket.Infrastructure", "Services\Basket\Basket.Infrastructure\Basket.Infrastructure.csproj", "{AA9EBDD7-F89F-4265-917A-3F88AAA57358}"
EndProject
Project("{2150E333-8FDC-42A3-9474-1A3956D46DE8}") = "Discount", "Discount", "{9F389084-7493-45BD-98D5-016610F09CF6}"
EndProject
Project("{FAE04EC0-301F-11D3-BF4B-00C04F79EFBC}") = "Discount.API", "Services\Discount\Discount.API\Discount.API.csproj", "{82678CB9-0F8E-49CA-B013-6FCCC5034CA0}"
EndProject
Project("{FAE04EC0-301F-11D3-BF4B-00C04F79EFBC}") = "Discount.Application", "Services\Discount\Discount.Application\Discount.Application.csproj", "{0E05C064-7450-4166-9B8C-89758DE0CC9C}"
EndProject
Project("{FAE04EC0-301F-11D3-BF4B-00C04F79EFBC}") = "Discount.Core", "Services\Discount\Discount.Core\Discount.Core.csproj", "{E22216FB-1A18-4343-BB5E-6B692D3A683B}"
EndProject
Project("{FAE04EC0-301F-11D3-BF4B-00C04F79EFBC}") = "Discount.Infrastructure", "Services\Discount\Discount.Infrastructure\Discount.Infrastructure.csproj", "{60BDCE71-126D-4BCE-877A-EBDBB5BD2697}"
EndProject
Project("{2150E333-8FDC-42A3-9474-1A3956D46DE8}") = "Ordering", "Ordering", "{02EA681E-C7D8-13C7-8484-4AC65E1B71E8}"
EndProject
Project("{FAE04EC0-301F-11D3-BF4B-00C04F79EFBC}") = "Ordering.API", "Services\Ordering\Ordering.API\Ordering.API.csproj", "{5311CB13-EA52-405A-B65A-5D8380D6E243}"
EndProject
Project("{FAE04EC0-301F-11D3-BF4B-00C04F79EFBC}") = "Ordering.Application", "Services\Ordering\Ordering.Application\Ordering.Application.csproj", "{A68D7AED-4ECB-4155-8D32-453A33B923F7}"
EndProject
Project("{FAE04EC0-301F-11D3-BF4B-00C04F79EFBC}") = "Ordering.Core", "Services\Ordering\Ordering.Core\Ordering.Core.csproj", "{4A258107-0F65-4211-AE0B-DA871CDBA017}"
EndProject
Project("{FAE04EC0-301F-11D3-BF4B-00C04F79EFBC}") = "Ordering.Infrastructure", "Services\Ordering\Ordering.Infrastructure\Ordering.Infrastructure.csproj", "{794D5499-6A29-4CA3-90A2-7EE621E3BB22}"
EndProject
Global
	GlobalSection(SolutionConfigurationPlatforms) = preSolution
		Debug|Any CPU = Debug|Any CPU
		Release|Any CPU = Release|Any CPU
	EndGlobalSection
	GlobalSection(ProjectConfigurationPlatforms) = postSolution
		{A5AA812E-2D8C-4763-9560-37D299CE0365}.Debug|Any CPU.ActiveCfg = Debug|Any CPU
		{A5AA812E-2D8C-4763-9560-37D299CE0365}.Debug|Any CPU.Build.0 = Debug|Any CPU
		{A5AA812E-2D8C-4763-9560-37D299CE0365}.Release|Any CPU.ActiveCfg = Release|Any CPU
		{A5AA812E-2D8C-4763-9560-37D299CE0365}.Release|Any CPU.Build.0 = Release|Any CPU
		{5C87C9C9-511C-4C6C-9056-D69E0A590597}.Debug|Any CPU.ActiveCfg = Debug|Any CPU
		{5C87C9C9-511C-4C6C-9056-D69E0A590597}.Debug|Any CPU.Build.0 = Debug|Any CPU
		{5C87C9C9-511C-4C6C-9056-D69E0A590597}.Release|Any CPU.ActiveCfg = Release|Any CPU
		{5C87C9C9-511C-4C6C-9056-D69E0A590597}.Release|Any CPU.Build.0 = Release|Any CPU
		{4879BAE3-0B5C-4E06-BF2E-9B18147870AD}.Debug|Any CPU.ActiveCfg = Debug|Any CPU
		{4879BAE3-0B5C-4E06-BF2E-9B18147870AD}.Debug|Any CPU.Build.0 = Debug|Any CPU
		{4879BAE3-0B5C-4E06-BF2E-9B18147870AD}.Release|Any CPU.ActiveCfg = Release|Any CPU
		{4879BAE3-0B5C-4E06-BF2E-9B18147870AD}.Release|Any CPU.Build.0 = Release|Any CPU
		{EC8AC8DF-64D3-4AC4-9996-88F5C4EC4A89}.Debug|Any CPU.ActiveCfg = Debug|Any CPU
		{EC8AC8DF-64D3-4AC4-9996-88F5C4EC4A89}.Debug|Any CPU.Build.0 = Debug|Any CPU
		{EC8AC8DF-64D3-4AC4-9996-88F5C4EC4A89}.Release|Any CPU.ActiveCfg = Release|Any CPU
		{EC8AC8DF-64D3-4AC4-9996-88F5C4EC4A89}.Release|Any CPU.Build.0 = Release|Any CPU
		{13085E35-D41D-42A2-B634-71A5DCE22C13}.Debug|Any CPU.ActiveCfg = Debug|Any CPU
		{13085E35-D41D-42A2-B634-71A5DCE22C13}.Debug|Any CPU.Build.0 = Debug|Any CPU
		{13085E35-D41D-42A2-B634-71A5DCE22C13}.Release|Any CPU.ActiveCfg = Release|Any CPU
		{13085E35-D41D-42A2-B634-71A5DCE22C13}.Release|Any CPU.Build.0 = Release|Any CPU
		{198AB5BC-A3B2-471E-A31A-253EB7A17340}.Debug|Any CPU.ActiveCfg = Debug|Any CPU
		{198AB5BC-A3B2-471E-A31A-253EB7A17340}.Debug|Any CPU.Build.0 = Debug|Any CPU
		{198AB5BC-A3B2-471E-A31A-253EB7A17340}.Release|Any CPU.ActiveCfg = Release|Any CPU
		{198AB5BC-A3B2-471E-A31A-253EB7A17340}.Release|Any CPU.Build.0 = Release|Any CPU
		{616615F6-6295-4D7B-B360-7E84581E0CE7}.Debug|Any CPU.ActiveCfg = Debug|Any CPU
		{616615F6-6295-4D7B-B360-7E84581E0CE7}.Debug|Any CPU.Build.0 = Debug|Any CPU
		{616615F6-6295-4D7B-B360-7E84581E0CE7}.Release|Any CPU.ActiveCfg = Release|Any CPU
		{616615F6-6295-4D7B-B360-7E84581E0CE7}.Release|Any CPU.Build.0 = Release|Any CPU
		{DAD069B1-500C-4249-B94F-21BC4CD6B0A2}.Debug|Any CPU.ActiveCfg = Debug|Any CPU
		{DAD069B1-500C-4249-B94F-21BC4CD6B0A2}.Debug|Any CPU.Build.0 = Debug|Any CPU
		{DAD069B1-500C-4249-B94F-21BC4CD6B0A2}.Release|Any CPU.ActiveCfg = Release|Any CPU
		{DAD069B1-500C-4249-B94F-21BC4CD6B0A2}.Release|Any CPU.Build.0 = Release|Any CPU
		{AA9EBDD7-F89F-4265-917A-3F88AAA57358}.Debug|Any CPU.ActiveCfg = Debug|Any CPU
		{AA9EBDD7-F89F-4265-917A-3F88AAA57358}.Debug|Any CPU.Build.0 = Debug|Any CPU
		{AA9EBDD7-F89F-4265-917A-3F88AAA57358}.Release|Any CPU.ActiveCfg = Release|Any CPU
		{AA9EBDD7-F89F-4265-917A-3F88AAA57358}.Release|Any CPU.Build.0 = Release|Any CPU
		{82678CB9-0F8E-49CA-B013-6FCCC5034CA0}.Debug|Any CPU.ActiveCfg = Debug|Any CPU
		{82678CB9-0F8E-49CA-B013-6FCCC5034CA0}.Debug|Any CPU.Build.0 = Debug|Any CPU
		{82678CB9-0F8E-49CA-B013-6FCCC5034CA0}.Release|Any CPU.ActiveCfg = Release|Any CPU
		{82678CB9-0F8E-49CA-B013-6FCCC5034CA0}.Release|Any CPU.Build.0 = Release|Any CPU
		{0E05C064-7450-4166-9B8C-89758DE0CC9C}.Debug|Any CPU.ActiveCfg = Debug|Any CPU
		{0E05C064-7450-4166-9B8C-89758DE0CC9C}.Debug|Any CPU.Build.0 = Debug|Any CPU
		{0E05C064-7450-4166-9B8C-89758DE0CC9C}.Release|Any CPU.ActiveCfg = Release|Any CPU
		{0E05C064-7450-4166-9B8C-89758DE0CC9C}.Release|Any CPU.Build.0 = Release|Any CPU
		{E22216FB-1A18-4343-BB5E-6B692D3A683B}.Debug|Any CPU.ActiveCfg = Debug|Any CPU
		{E22216FB-1A18-4343-BB5E-6B692D3A683B}.Debug|Any CPU.Build.0 = Debug|Any CPU
		{E22216FB-1A18-4343-BB5E-6B692D3A683B}.Release|Any CPU.ActiveCfg = Release|Any CPU
		{E22216FB-1A18-4343-BB5E-6B692D3A683B}.Release|Any CPU.Build.0 = Release|Any CPU
		{60BDCE71-126D-4BCE-877A-EBDBB5BD2697}.Debug|Any CPU.ActiveCfg = Debug|Any CPU
		{60BDCE71-126D-4BCE-877A-EBDBB5BD2697}.Debug|Any CPU.Build.0 = Debug|Any CPU
		{60BDCE71-126D-4BCE-877A-EBDBB5BD2697}.Release|Any CPU.ActiveCfg = Release|Any CPU
		{60BDCE71-126D-4BCE-877A-EBDBB5BD2697}.Release|Any CPU.Build.0 = Release|Any CPU
		{5311CB13-EA52-405A-B65A-5D8380D6E243}.Debug|Any CPU.ActiveCfg = Debug|Any CPU
		{5311CB13-EA52-405A-B65A-5D8380D6E243}.Debug|Any CPU.Build.0 = Debug|Any CPU
		{5311CB13-EA52-405A-B65A-5D8380D6E243}.Release|Any CPU.ActiveCfg = Release|Any CPU
		{5311CB13-EA52-405A-B65A-5D8380D6E243}.Release|Any CPU.Build.0 = Release|Any CPU
		{A68D7AED-4ECB-4155-8D32-453A33B923F7}.Debug|Any CPU.ActiveCfg = Debug|Any CPU
		{A68D7AED-4ECB-4155-8D32-453A33B923F7}.Debug|Any CPU.Build.0 = Debug|Any CPU
		{A68D7AED-4ECB-4155-8D32-453A33B923F7}.Release|Any CPU.ActiveCfg = Release|Any CPU
		{A68D7AED-4ECB-4155-8D32-453A33B923F7}.Release|Any CPU.Build.0 = Release|Any CPU
		{4A258107-0F65-4211-AE0B-DA871CDBA017}.Debug|Any CPU.ActiveCfg = Debug|Any CPU
		{4A258107-0F65-4211-AE0B-DA871CDBA017}.Debug|Any CPU.Build.0 = Debug|Any CPU
		{4A258107-0F65-4211-AE0B-DA871CDBA017}.Release|Any CPU.ActiveCfg = Release|Any CPU
		{4A258107-0F65-4211-AE0B-DA871CDBA017}.Release|Any CPU.Build.0 = Release|Any CPU
		{794D5499-6A29-4CA3-90A2-7EE621E3BB22}.Debug|Any CPU.ActiveCfg = Debug|Any CPU
		{794D5499-6A29-4CA3-90A2-7EE621E3BB22}.Debug|Any CPU.Build.0 = Debug|Any CPU
		{794D5499-6A29-4CA3-90A2-7EE621E3BB22}.Release|Any CPU.ActiveCfg = Release|Any CPU
		{794D5499-6A29-4CA3-90A2-7EE621E3BB22}.Release|Any CPU.Build.0 = Release|Any CPU
	EndGlobalSection
	GlobalSection(SolutionProperties) = preSolution
		HideSolutionNode = FALSE
	EndGlobalSection
	GlobalSection(NestedProjects) = preSolution
		{F8ACA972-6565-43B2-8E44-EEA74AB879ED} = {86445C85-D252-4AAE-952F-3BC99EF79963}
		{A5AA812E-2D8C-4763-9560-37D299CE0365} = {F8ACA972-6565-43B2-8E44-EEA74AB879ED}
		{5C87C9C9-511C-4C6C-9056-D69E0A590597} = {F8ACA972-6565-43B2-8E44-EEA74AB879ED}
		{4879BAE3-0B5C-4E06-BF2E-9B18147870AD} = {F8ACA972-6565-43B2-8E44-EEA74AB879ED}
		{EC8AC8DF-64D3-4AC4-9996-88F5C4EC4A89} = {F8ACA972-6565-43B2-8E44-EEA74AB879ED}
		{4AD19920-F36F-4556-B247-43CEE77484A7} = {86445C85-D252-4AAE-952F-3BC99EF79963}
		{198AB5BC-A3B2-471E-A31A-253EB7A17340} = {4AD19920-F36F-4556-B247-43CEE77484A7}
		{616615F6-6295-4D7B-B360-7E84581E0CE7} = {4AD19920-F36F-4556-B247-43CEE77484A7}
		{DAD069B1-500C-4249-B94F-21BC4CD6B0A2} = {4AD19920-F36F-4556-B247-43CEE77484A7}
		{AA9EBDD7-F89F-4265-917A-3F88AAA57358} = {4AD19920-F36F-4556-B247-43CEE77484A7}
		{9F389084-7493-45BD-98D5-016610F09CF6} = {86445C85-D252-4AAE-952F-3BC99EF79963}
		{82678CB9-0F8E-49CA-B013-6FCCC5034CA0} = {9F389084-7493-45BD-98D5-016610F09CF6}
		{0E05C064-7450-4166-9B8C-89758DE0CC9C} = {9F389084-7493-45BD-98D5-016610F09CF6}
		{E22216FB-1A18-4343-BB5E-6B692D3A683B} = {9F389084-7493-45BD-98D5-016610F09CF6}
		{60BDCE71-126D-4BCE-877A-EBDBB5BD2697} = {9F389084-7493-45BD-98D5-016610F09CF6}
		{02EA681E-C7D8-13C7-8484-4AC65E1B71E8} = {86445C85-D252-4AAE-952F-3BC99EF79963}
		{5311CB13-EA52-405A-B65A-5D8380D6E243} = {02EA681E-C7D8-13C7-8484-4AC65E1B71E8}
		{A68D7AED-4ECB-4155-8D32-453A33B923F7} = {02EA681E-C7D8-13C7-8484-4AC65E1B71E8}
		{4A258107-0F65-4211-AE0B-DA871CDBA017} = {02EA681E-C7D8-13C7-8484-4AC65E1B71E8}
		{794D5499-6A29-4CA3-90A2-7EE621E3BB22} = {02EA681E-C7D8-13C7-8484-4AC65E1B71E8}
	EndGlobalSection
	GlobalSection(ExtensibilityGlobals) = postSolution
		SolutionGuid = {B0FB4A27-08F7-4F28-8926-4B0DF2B55178}
	EndGlobalSection
EndGlobal
